
Microsoft Visual Studio Solution File, Format Version 12.00
# Visual Studio Version 17
VisualStudioVersion = 17.11.35222.181
MinimumVisualStudioVersion = 10.0.40219.1
Project("{FAE04EC0-301F-11D3-BF4B-00C04F79EFBC}") = "FileConver", "FileConver.csproj", "{B56A61B8-BF3D-4685-8BA6-5C366FD97AE5}"
EndProject
Global
	GlobalSection(SolutionConfigurationPlatforms) = preSolution
		Debug|Any CPU = Debug|Any CPU
		Release|Any CPU = Release|Any CPU
	EndGlobalSection
	GlobalSection(ProjectConfigurationPlatforms) = postSolution
		{B56A61B8-BF3D-4685-8BA6-5C366FD97AE5}.Debug|Any CPU.ActiveCfg = Debug|Any CPU
		{B56A61B8-BF3D-4685-8BA6-5C366FD97AE5}.Debug|Any CPU.Build.0 = Debug|Any CPU
		{B56A61B8-BF3D-4685-8BA6-5C366FD97AE5}.Release|Any CPU.ActiveCfg = Release|Any CPU
		{B56A61B8-BF3D-4685-8BA6-5C366FD97AE5}.Release|Any CPU.Build.0 = Release|Any CPU
	EndGlobalSection
	GlobalSection(SolutionProperties) = preSolution
		HideSolutionNode = FALSE
	EndGlobalSection
	GlobalSection(ExtensibilityGlobals) = postSolution
		SolutionGuid = {4712FCAF-EBC2-4EA9-AB7F-7C608D7184F1}
	EndGlobalSection
EndGlobal
